
Microsoft Visual Studio Solution File, Format Version 12.00
# Visual Studio Version 17
VisualStudioVersion = 17.8.34525.116
MinimumVisualStudioVersion = 10.0.40219.1
Project("{9A19103F-16F7-4668-BE54-9A1E7A4F7556}") = "PS.Web.UI", "PS.Web.UI\PS.Web.UI.csproj", "{F83395B7-58F5-41A6-8925-EF846290D1FD}"
EndProject
Project("{9A19103F-16F7-4668-BE54-9A1E7A4F7556}") = "PS.Entity", "PS.Entity\PS.Entity.csproj", "{994A92B8-5DB6-48D9-B4C6-960DB76A0541}"
EndProject
Project("{9A19103F-16F7-4668-BE54-9A1E7A4F7556}") = "PS.Data", "PS.Data\PS.Data.csproj", "{96E076CE-8AB3-4EAC-93E4-3F75EF4D2C12}"
EndProject
Global
	GlobalSection(SolutionConfigurationPlatforms) = preSolution
		Debug|Any CPU = Debug|Any CPU
		Release|Any CPU = Release|Any CPU
	EndGlobalSection
	GlobalSection(ProjectConfigurationPlatforms) = postSolution
		{F83395B7-58F5-41A6-8925-EF846290D1FD}.Debug|Any CPU.ActiveCfg = Debug|Any CPU
		{F83395B7-58F5-41A6-8925-EF846290D1FD}.Debug|Any CPU.Build.0 = Debug|Any CPU
		{F83395B7-58F5-41A6-8925-EF846290D1FD}.Release|Any CPU.ActiveCfg = Release|Any CPU
		{F83395B7-58F5-41A6-8925-EF846290D1FD}.Release|Any CPU.Build.0 = Release|Any CPU
		{994A92B8-5DB6-48D9-B4C6-960DB76A0541}.Debug|Any CPU.ActiveCfg = Debug|Any CPU
		{994A92B8-5DB6-48D9-B4C6-960DB76A0541}.Debug|Any CPU.Build.0 = Debug|Any CPU
		{994A92B8-5DB6-48D9-B4C6-960DB76A0541}.Release|Any CPU.ActiveCfg = Release|Any CPU
		{994A92B8-5DB6-48D9-B4C6-960DB76A0541}.Release|Any CPU.Build.0 = Release|Any CPU
		{96E076CE-8AB3-4EAC-93E4-3F75EF4D2C12}.Debug|Any CPU.ActiveCfg = Debug|Any CPU
		{96E076CE-8AB3-4EAC-93E4-3F75EF4D2C12}.Debug|Any CPU.Build.0 = Debug|Any CPU
		{96E076CE-8AB3-4EAC-93E4-3F75EF4D2C12}.Release|Any CPU.ActiveCfg = Release|Any CPU
		{96E076CE-8AB3-4EAC-93E4-3F75EF4D2C12}.Release|Any CPU.Build.0 = Release|Any CPU
	EndGlobalSection
	GlobalSection(SolutionProperties) = preSolution
		HideSolutionNode = FALSE
	EndGlobalSection
	GlobalSection(ExtensibilityGlobals) = postSolution
		SolutionGuid = {4D29FCFE-69A9-4387-A315-FB7E5BBB32F3}
	EndGlobalSection
EndGlobal
